lockfileVersion: '9.0'

settings:
  autoInstallPeers: true
  excludeLinksFromLockfile: false

overrides:
  plist@<3.0.5: '>=3.0.5'

importers:

  .: {}

  packages/app:
    dependencies:
      plist:
        specifier: '>=3.0.5'
        version: 4.0.0

packages:

  '@xmldom/xmldom@0.9.10':
    resolution: {integrity: sha512-A9gOqLdi6cV4ibazAjcQufGj0B1y/vDqYrcuP6d/6x8P27gRS8643Dj9o1dEKtB6O7fwxb2FgBmJS2mX7gpvdw==}
    engines: {node: '>=14.6'}

  plist@4.0.0:
    resolution: {integrity: sha512-4dOqNo0Y2NpfSf9q4+zr4bh7pzNWeckIam34Z0KYJhg8qtNNfh59VbD+Yna5SjwcxawVvLKx5w5FtuCijpEF4Q==}
    engines: {node: '>=18'}

  xmlbuilder@15.1.1:
    resolution: {integrity: sha512-yMqGBqtXyeN1e3TGYvgNgDVZ3j84W4cwkOXQswghol6APgZWaff9lnbvN7MHYJOiXsvGPXtjTYJEiC9J2wv9Eg==}
    engines: {node: '>=8.0'}

snapshots:

  '@xmldom/xmldom@0.9.10': {}

  plist@4.0.0:
    dependencies:
      '@xmldom/xmldom': 0.9.10
      xmlbuilder: 15.1.1

  xmlbuilder@15.1.1: {}
